
Microsoft Visual Studio Solution File, Format Version 12.00
# Visual Studio Version 17
VisualStudioVersion = 17.9.34622.214
MinimumVisualStudioVersion = 10.0.40219.1
Project("{FAE04EC0-301F-11D3-BF4B-00C04F79EFBC}") = "practika", "practika\practika.csproj", "{7496B7D8-9E7D-4B79-8BA7-34CED0FD83C3}"
EndProject
Global
	GlobalSection(SolutionConfigurationPlatforms) = preSolution
		Debug|Any CPU = Debug|Any CPU
		Release|Any CPU = Release|Any CPU
	EndGlobalSection
	GlobalSection(ProjectConfigurationPlatforms) = postSolution
		{7496B7D8-9E7D-4B79-8BA7-34CED0FD83C3}.Debug|Any CPU.ActiveCfg = Debug|Any CPU
		{7496B7D8-9E7D-4B79-8BA7-34CED0FD83C3}.Debug|Any CPU.Build.0 = Debug|Any CPU
		{7496B7D8-9E7D-4B79-8BA7-34CED0FD83C3}.Release|Any CPU.ActiveCfg = Release|Any CPU
		{7496B7D8-9E7D-4B79-8BA7-34CED0FD83C3}.Release|Any CPU.Build.0 = Release|Any CPU
	EndGlobalSection
	GlobalSection(SolutionProperties) = preSolution
		HideSolutionNode = FALSE
	EndGlobalSection
	GlobalSection(ExtensibilityGlobals) = postSolution
		SolutionGuid = {BD0B20CE-1EA9-4138-9C9F-1086973776A1}
	EndGlobalSection
EndGlobal
